Microsoft Visual Studio Solution File, Format Version 12.00
# Visual Studio Version 17
VisualStudioVersion = 17.5.2.0
MinimumVisualStudioVersion = 10.0.40219.1
Project("{FAE04EC0-301F-11D3-BF4B-00C04F79EFBC}") = "V3ToLogo", "V3ToLogo.csproj", "{54F715BD-F10A-4831-8880-DBA52BDFECE6}"
EndProject
Global
	GlobalSection(SolutionConfigurationPlatforms) = preSolution
		Debug|Any CPU = Debug|Any CPU
		Release|Any CPU = Release|Any CPU
	EndGlobalSection
	GlobalSection(ProjectConfigurationPlatforms) = postSolution
		{54F715BD-F10A-4831-8880-DBA52BDFECE6}.Debug|Any CPU.ActiveCfg = Debug|Any CPU
		{54F715BD-F10A-4831-8880-DBA52BDFECE6}.Debug|Any CPU.Build.0 = Debug|Any CPU
		{54F715BD-F10A-4831-8880-DBA52BDFECE6}.Release|Any CPU.ActiveCfg = Release|Any CPU
		{54F715BD-F10A-4831-8880-DBA52BDFECE6}.Release|Any CPU.Build.0 = Release|Any CPU
	EndGlobalSection
	GlobalSection(SolutionProperties) = preSolution
		HideSolutionNode = FALSE
	EndGlobalSection
	GlobalSection(ExtensibilityGlobals) = postSolution
		SolutionGuid = {08E6BAAC-E6E6-4732-A4D6-C0485926E844}
	EndGlobalSection
EndGlobal
